
Microsoft Visual Studio Solution File, Format Version 12.00
# Visual Studio Version 16
VisualStudioVersion = 25.0.1706.14
MinimumVisualStudioVersion = 10.0.40219.1
Project("{FAE04EC0-301F-11D3-BF4B-00C04F79EFBC}") = "MedicalJourneyLog", "MedicalJourneyLog\MedicalJourneyLog.csproj", "{DBF16CB3-E334-43DE-94BB-E803B37BD96F}"
EndProject
Global
	GlobalSection(SolutionConfigurationPlatforms) = preSolution
		Debug|Any CPU = Debug|Any CPU
		Release|Any CPU = Release|Any CPU
	EndGlobalSection
	GlobalSection(ProjectConfigurationPlatforms) = postSolution
		{DBF16CB3-E334-43DE-94BB-E803B37BD96F}.Debug|Any CPU.ActiveCfg = Debug|Any CPU
		{DBF16CB3-E334-43DE-94BB-E803B37BD96F}.Debug|Any CPU.Build.0 = Debug|Any CPU
		{DBF16CB3-E334-43DE-94BB-E803B37BD96F}.Release|Any CPU.ActiveCfg = Release|Any CPU
		{DBF16CB3-E334-43DE-94BB-E803B37BD96F}.Release|Any CPU.Build.0 = Release|Any CPU
	EndGlobalSection
	GlobalSection(SolutionProperties) = preSolution
		HideSolutionNode = FALSE
	EndGlobalSection
	GlobalSection(ExtensibilityGlobals) = postSolution
		SolutionGuid = {E17D16FB-A28B-4CBC-BC45-78104467C852}
	EndGlobalSection
EndGlobal
